// !$*UTF8*$!
{
	archiveVersion = 1;
	classes = {
	};
	objectVersion = 56;
	objects = {

/* Begin PBXBuildFile section */
		6D84C7E02A15A434009DD75A /* AppDelegate.swift in Sources */ = {isa = PBXBuildFile; fileRef = 6D84C7DF2A15A434009DD75A /* AppDelegate.swift */; };
		6D84C7E22A15A434009DD75A /* SceneDelegate.swift in Sources */ = {isa = PBXBuildFile; fileRef = 6D84C7E12A15A434009DD75A /* SceneDelegate.swift */; };
		6D84C7E42A15A434009DD75A /* ViewController.swift in Sources */ = {isa = PBXBuildFile; fileRef = 6D84C7E32A15A434009DD75A /* ViewController.swift */; };
		6D84C7E72A15A434009DD75A /* Main.storyboard in Resources */ = {isa = PBXBuildFile; fileRef = 6D84C7E52A15A434009DD75A /* Main.storyboard */; };
		6D84C7EA2A15A434009DD75A /* AutoLayout.xcdatamodeld in Sources */ = {isa = PBXBuildFile; fileRef = 6D84C7E82A15A434009DD75A /* AutoLayout.xcdatamodeld */; };
		6D84C7EC2A15A436009DD75A /* Assets.xcassets in Resources */ = {isa = PBXBuildFile; fileRef = 6D84C7EB2A15A436009DD75A /* Assets.xcassets */; };
		6D84C7EF2A15A436009DD75A /* LaunchScreen.storyboard in Resources */ = {isa = PBXBuildFile; fileRef = 6D84C7ED2A15A436009DD75A /* LaunchScreen.storyboard */; };
		6D84C7FA2A15A436009DD75A /* AutoLayoutTests.swift in Sources */ = {isa = PBXBuildFile; fileRef = 6D84C7F92A15A436009DD75A /* AutoLayoutTests.swift */; };
		6D84C8042A15A436009DD75A /* AutoLayoutUITests.swift in Sources */ = {isa = PBXBuildFile; fileRef = 6D84C8032A15A436009DD75A /* AutoLayoutUITests.swift */; };
		6D84C8062A15A436009DD75A /* AutoLayoutUITestsLaunchTests.swift in Sources */ = {isa = PBXBuildFile; fileRef = 6D84C8052A15A436009DD75A /* AutoLayoutUITestsLaunchTests.swift */; };
		6D84C8132A15A526009DD75A /* cat.jpeg in Resources */ = {isa = PBXBuildFile; fileRef = 6D84C8122A15A526009DD75A /* cat.jpeg */; };
/* End PBXBuildFile section */

/* Begin PBXContainerItemProxy section */
		6D84C7F62A15A436009DD75A /* PBXContainerItemProxy */ = {
			isa = PBXContainerItemProxy;
			containerPortal = 6D84C7D42A15A434009DD75A /* Project object */;
			proxyType = 1;
			remoteGlobalIDString = 6D84C7DB2A15A434009DD75A;
			remoteInfo = AutoLayout;
		};
		6D84C8002A15A436009DD75A /* PBXContainerItemProxy */ = {
			isa = PBXContainerItemProxy;
			containerPortal = 6D84C7D42A15A434009DD75A /* Project object */;
			proxyType = 1;
			remoteGlobalIDString = 6D84C7DB2A15A434009DD75A;
			remoteInfo = AutoLayout;
		};
/* End PBXContainerItemProxy section */

/* Begin PBXFileReference section */
		6D84C7DC2A15A434009DD75A /* AutoLayout.app */ = {isa = PBXFileReference; explicitFileType = wrapper.application; includeInIndex = 0; path = AutoLayout.app; sourceTree = BUILT_PRODUCTS_DIR; };
		6D84C7DF2A15A434009DD75A /* AppDelegate.swift */ = {isa = PBXFileReference; lastKnownFileType = sourcecode.swift; path = AppDelegate.swift; sourceTree = "<group>"; };
		6D84C7E12A15A434009DD75A /* SceneDelegate.swift */ = {isa = PBXFileReference; lastKnownFileType = sourcecode.swift; path = SceneDelegate.swift; sourceTree = "<group>"; };
		6D84C7E32A15A434009DD75A /* ViewController.swift */ = {isa = PBXFileReference; lastKnownFileType = sourcecode.swift; path = ViewController.swift; sourceTree = "<group>"; };
		6D84C7E62A15A434009DD75A /* Base */ = {isa = PBXFileReference; lastKnownFileType = file.storyboard; name = Base; path = Base.lproj/Main.storyboard; sourceTree = "<group>"; };
		6D84C7E92A15A434009DD75A /* AutoLayout.xcdatamodel */ = {isa = PBXFileReference; lastKnownFileType = wrapper.xcdatamodel; path = AutoLayout.xcdatamodel; sourceTree = "<group>"; };
		6D84C7EB2A15A436009DD75A /* Assets.xcassets */ = {isa = PBXFileReference; lastKnownFileType = folder.assetcatalog; path = Assets.xcassets; sourceTree = "<group>"; };
		6D84C7EE2A15A436009DD75A /* Base */ = {isa = PBXFileReference; lastKnownFileType = file.storyboard; name = Base; path = Base.lproj/LaunchScreen.storyboard; sourceTree = "<group>"; };
		6D84C7F02A15A436009DD75A /* Info.plist */ = {isa = PBXFileReference; lastKnownFileType = text.plist.xml; path = Info.plist; sourceTree = "<group>"; };
		6D84C7F52A15A436009DD75A /* AutoLayoutTests.xctest */ = {isa = PBXFileReference; explicitFileType = wrapper.cfbundle; includeInIndex = 0; path = AutoLayoutTests.xctest; sourceTree = BUILT_PRODUCTS_DIR; };
		6D84C7F92A15A436009DD75A /* AutoLayoutTests.swift */ = {isa = PBXFileReference; lastKnownFileType = sourcecode.swift; path = AutoLayoutTests.swift; sourceTree = "<group>"; };
		6D84C7FF2A15A436009DD75A /* AutoLayoutUITests.xctest */ = {isa = PBXFileReference; explicitFileType = wrapper.cfbundle; includeInIndex = 0; path = AutoLayoutUITests.xctest; sourceTree = BUILT_PRODUCTS_DIR; };
		6D84C8032A15A436009DD75A /* AutoLayoutUITests.swift */ = {isa = PBXFileReference; lastKnownFileType = sourcecode.swift; path = AutoLayoutUITests.swift; sourceTree = "<group>"; };
		6D84C8052A15A436009DD75A /* AutoLayoutUITestsLaunchTests.swift */ = {isa = PBXFileReference; lastKnownFileType = sourcecode.swift; path = AutoLayoutUITestsLaunchTests.swift; sourceTree = "<group>"; };
		6D84C8122A15A526009DD75A /* cat.jpeg */ = {isa = PBXFileReference; lastKnownFileType = image.jpeg; path = cat.jpeg; sourceTree = "<group>"; };
/* End PBXFileReference section */

/* Begin PBXFrameworksBuildPhase section */
		6D84C7D92A15A434009DD75A /* Frameworks */ = {
			isa = PBXFrameworksBuildPhase;
			buildActionMask = 2147483647;
			files = (
			);
			runOnlyForDeploymentPostprocessing = 0;
		};
		6D84C7F22A15A436009DD75A /* Frameworks */ = {
			isa = PBXFrameworksBuildPhase;
			buildActionMask = 2147483647;
			files = (
			);
			runOnlyForDeploymentPostprocessing = 0;
		};
		6D84C7FC2A15A436009DD75A /* Frameworks */ = {
			isa = PBXFrameworksBuildPhase;
			buildActionMask = 2147483647;
			files = (
			);
			runOnlyForDeploymentPostprocessing = 0;
		};
/* End PBXFrameworksBuildPhase section */

/* Begin PBXGroup section */
		6D84C7D32A15A434009DD75A = {
			isa = PBXGroup;
			children = (
				6D84C7DE2A15A434009DD75A /* AutoLayout */,
				6D84C7F82A15A436009DD75A /* AutoLayoutTests */,
				6D84C8022A15A436009DD75A /* AutoLayoutUITests */,
				6D84C7DD2A15A434009DD75A /* Products */,
			);
			sourceTree = "<group>";
		};
		6D84C7DD2A15A434009DD75A /* Products */ = {
			isa = PBXGroup;
			children = (
				6D84C7DC2A15A434009DD75A /* AutoLayout.app */,
				6D84C7F52A15A436009DD75A /* AutoLayoutTests.xctest */,
				6D84C7FF2A15A436009DD75A /* AutoLayoutUITests.xctest */,
			);
			name = Products;
			sourceTree = "<group>";
		};
		6D84C7DE2A15A434009DD75A /* AutoLayout */ = {
			isa = PBXGroup;
			children = (
				6D84C8122A15A526009DD75A /* cat.jpeg */,
				6D84C7DF2A15A434009DD75A /* AppDelegate.swift */,
				6D84C7E12A15A434009DD75A /* SceneDelegate.swift */,
				6D84C7E32A15A434009DD75A /* ViewController.swift */,
				6D84C7E52A15A434009DD75A /* Main.storyboard */,
				6D84C7EB2A15A436009DD75A /* Assets.xcassets */,
				6D84C7ED2A15A436009DD75A /* LaunchScreen.storyboard */,
				6D84C7F02A15A436009DD75A /* Info.plist */,
				6D84C7E82A15A434009DD75A /* AutoLayout.xcdatamodeld */,
			);
			path = AutoLayout;
			sourceTree = "<group>";
		};
		6D84C7F82A15A436009DD75A /* AutoLayoutTests */ = {
			isa = PBXGroup;
			children = (
				6D84C7F92A15A436009DD75A /* AutoLayoutTests.swift */,
			);
			path = AutoLayoutTests;
			sourceTree = "<group>";
		};
		6D84C8022A15A436009DD75A /* AutoLayoutUITests */ = {
			isa = PBXGroup;
			children = (
				6D84C8032A15A436009DD75A /* AutoLayoutUITests.swift */,
				6D84C8052A15A436009DD75A /* AutoLayoutUITestsLaunchTests.swift */,
			);
			path = AutoLayoutUITests;
			sourceTree = "<group>";
		};
/* End PBXGroup section */

/* Begin PBXNativeTarget section */
		6D84C7DB2A15A434009DD75A /* AutoLayout */ = {
			isa = PBXNativeTarget;
			buildConfigurationList = 6D84C8092A15A436009DD75A /* Build configuration list for PBXNativeTarget "AutoLayout" */;
			buildPhases = (
				6D84C7D82A15A434009DD75A /* Sources */,
				6D84C7D92A15A434009DD75A /* Frameworks */,
				6D84C7DA2A15A434009DD75A /* Resources */,
			);
			buildRules = (
			);
			dependencies = (
			);
			name = AutoLayout;
			productName = AutoLayout;
			productReference = 6D84C7DC2A15A434009DD75A /* AutoLayout.app */;
			productType = "com.apple.product-type.application";
		};
		6D84C7F42A15A436009DD75A /* AutoLayoutTests */ = {
			isa = PBXNativeTarget;
			buildConfigurationList = 6D84C80C2A15A436009DD75A /* Build configuration list for PBXNativeTarget "AutoLayoutTests" */;
			buildPhases = (
				6D84C7F12A15A436009DD75A /* Sources */,
				6D84C7F22A15A436009DD75A /* Frameworks */,
				6D84C7F32A15A436009DD75A /* Resources */,
			);
			buildRules = (
			);
			dependencies = (
				6D84C7F72A15A436009DD75A /* PBXTargetDependency */,
			);
			name = AutoLayoutTests;
			productName = AutoLayoutTests;
			productReference = 6D84C7F52A15A436009DD75A /* AutoLayoutTests.xctest */;
			productType = "com.apple.product-type.bundle.unit-test";
		};
		6D84C7FE2A15A436009DD75A /* AutoLayoutUITests */ = {
			isa = PBXNativeTarget;
			buildConfigurationList = 6D84C80F2A15A436009DD75A /* Build configuration list for PBXNativeTarget "AutoLayoutUITests" */;
			buildPhases = (
				6D84C7FB2A15A436009DD75A /* Sources */,
				6D84C7FC2A15A436009DD75A /* Frameworks */,
				6D84C7FD2A15A436009DD75A /* Resources */,
			);
			buildRules = (
			);
			dependencies = (
				6D84C8012A15A436009DD75A /* PBXTargetDependency */,
			);
			name = AutoLayoutUITests;
			productName = AutoLayoutUITests;
			productReference = 6D84C7FF2A15A436009DD75A /* AutoLayoutUITests.xctest */;
			productType = "com.apple.product-type.bundle.ui-testing";
		};
/* End PBXNativeTarget section */

/* Begin PBXProject section */
		6D84C7D42A15A434009DD75A /* Project object */ = {
			isa = PBXProject;
			attributes = {
				BuildIndependentTargetsInParallel = 1;
				LastSwiftUpdateCheck = 1430;
				LastUpgradeCheck = 1430;
				TargetAttributes = {
					6D84C7DB2A15A434009DD75A = {
						CreatedOnToolsVersion = 14.3;
					};
					6D84C7F42A15A436009DD75A = {
						CreatedOnToolsVersion = 14.3;
						TestTargetID = 6D84C7DB2A15A434009DD75A;
					};
					6D84C7FE2A15A436009DD75A = {
						CreatedOnToolsVersion = 14.3;
						TestTargetID = 6D84C7DB2A15A434009DD75A;
					};
				};
			};
			buildConfigurationList = 6D84C7D72A15A434009DD75A /* Build configuration list for PBXProject "AutoLayout" */;
			compatibilityVersion = "Xcode 14.0";
			developmentRegion = en;
			hasScannedForEncodings = 0;
			knownRegions = (
				en,
				Base,
			);
			mainGroup = 6D84C7D32A15A434009DD75A;
			productRefGroup = 6D84C7DD2A15A434009DD75A /* Products */;
			projectDirPath = "";
			projectRoot = "";
			targets = (
				6D84C7DB2A15A434009DD75A /* AutoLayout */,
				6D84C7F42A15A436009DD75A /* AutoLayoutTests */,
				6D84C7FE2A15A436009DD75A /* AutoLayoutUITests */,
			);
		};
/* End PBXProject section */

/* Begin PBXResourcesBuildPhase section */
		6D84C7DA2A15A434009DD75A /* Resources */ = {
			isa = PBXResourcesBuildPhase;
			buildActionMask = 2147483647;
			files = (
				6D84C8132A15A526009DD75A /* cat.jpeg in Resources */,
				6D84C7EF2A15A436009DD75A /* LaunchScreen.storyboard in Resources */,
				6D84C7EC2A15A436009DD75A /* Assets.xcassets in Resources */,
				6D84C7E72A15A434009DD75A /* Main.storyboard in Resources */,
			);
			runOnlyForDeploymentPostprocessing = 0;
		};
		6D84C7F32A15A436009DD75A /* Resources */ = {
			isa = PBXResourcesBuildPhase;
			buildActionMask = 2147483647;
			files = (
			);
			runOnlyForDeploymentPostprocessing = 0;
		};
		6D84C7FD2A15A436009DD75A /* Resources */ = {
			isa = PBXResourcesBuildPhase;
			buildActionMask = 2147483647;
			files = (
			);
			runOnlyForDeploymentPostprocessing = 0;
		};
/* End PBXResourcesBuildPhase section */

/* Begin PBXSourcesBuildPhase section */
		6D84C7D82A15A434009DD75A /* Sources */ = {
			isa = PBXSourcesBuildPhase;
			buildActionMask = 2147483647;
			files = (
				6D84C7E42A15A434009DD75A /* ViewController.swift in Sources */,
				6D84C7E02A15A434009DD75A /* AppDelegate.swift in Sources */,
				6D84C7EA2A15A434009DD75A /* AutoLayout.xcdatamodeld in Sources */,
				6D84C7E22A15A434009DD75A /* SceneDelegate.swift in Sources */,
			);
			runOnlyForDeploymentPostprocessing = 0;
		};
		6D84C7F12A15A436009DD75A /* Sources */ = {
			isa = PBXSourcesBuildPhase;
			buildActionMask = 2147483647;
			files = (
				6D84C7FA2A15A436009DD75A /* AutoLayoutTests.swift in Sources */,
			);
			runOnlyForDeploymentPostprocessing = 0;
		};
		6D84C7FB2A15A436009DD75A /* Sources */ = {
			isa = PBXSourcesBuildPhase;
			buildActionMask = 2147483647;
			files = (
				6D84C8042A15A436009DD75A /* AutoLayoutUITests.swift in Sources */,
				6D84C8062A15A436009DD75A /* AutoLayoutUITestsLaunchTests.swift in Sources */,
			);
			runOnlyForDeploymentPostprocessing = 0;
		};
/* End PBXSourcesBuildPhase section */

/* Begin PBXTargetDependency section */
		6D84C7F72A15A436009DD75A /* PBXTargetDependency */ = {
			isa = PBXTargetDependency;
			target = 6D84C7DB2A15A434009DD75A /* AutoLayout */;
			targetProxy = 6D84C7F62A15A436009DD75A /* PBXContainerItemProxy */;
		};
		6D84C8012A15A436009DD75A /* PBXTargetDependency */ = {
			isa = PBXTargetDependency;
			target = 6D84C7DB2A15A434009DD75A /* AutoLayout */;
			targetProxy = 6D84C8002A15A436009DD75A /* PBXContainerItemProxy */;
		};
/* End PBXTargetDependency section */

/* Begin PBXVariantGroup section */
		6D84C7E52A15A434009DD75A /* Main.storyboard */ = {
			isa = PBXVariantGroup;
			children = (
				6D84C7E62A15A434009DD75A /* Base */,
			);
			name = Main.storyboard;
			sourceTree = "<group>";
		};
		6D84C7ED2A15A436009DD75A /* LaunchScreen.storyboard */ = {
			isa = PBXVariantGroup;
			children = (
				6D84C7EE2A15A436009DD75A /* Base */,
			);
			name = LaunchScreen.storyboard;
			sourceTree = "<group>";
		};
/* End PBXVariantGroup section */

/* Begin XCBuildConfiguration section */
		6D84C8072A15A436009DD75A /* Debug */ = {
			isa = XCBuildConfiguration;
			buildSettings = {
				ALWAYS_SEARCH_USER_PATHS = NO;
				CLANG_ANALYZER_NONNULL = YES;
				CLANG_ANALYZER_NUMBER_OBJECT_CONVERSION = YES_AGGRESSIVE;
				CLANG_CXX_LANGUAGE_STANDARD = "gnu++20";
				CLANG_ENABLE_MODULES = YES;
				CLANG_ENABLE_OBJC_ARC = YES;
				CLANG_ENABLE_OBJC_WEAK = YES;
				CLANG_WARN_BLOCK_CAPTURE_AUTORELEASING = YES;
				CLANG_WARN_BOOL_CONVERSION = YES;
				CLANG_WARN_COMMA = YES;
				CLANG_WARN_CONSTANT_CONVERSION = YES;
				CLANG_WARN_DEPRECATED_OBJC_IMPLEMENTATIONS = YES;
				CLANG_WARN_DIRECT_OBJC_ISA_USAGE = YES_ERROR;
				CLANG_WARN_DOCUMENTATION_COMMENTS = YES;
				CLANG_WARN_EMPTY_BODY = YES;
				CLANG_WARN_ENUM_CONVERSION = YES;
				CLANG_WARN_INFINITE_RECURSION = YES;
				CLANG_WARN_INT_CONVERSION = YES;
				CLANG_WARN_NON_LITERAL_NULL_CONVERSION = YES;
				CLANG_WARN_OBJC_IMPLICIT_RETAIN_SELF = YES;
				CLANG_WARN_OBJC_LITERAL_CONVERSION = YES;
				CLANG_WARN_OBJC_ROOT_CLASS = YES_ERROR;
				CLANG_WARN_QUOTED_INCLUDE_IN_FRAMEWORK_HEADER = YES;
				CLANG_WARN_RANGE_LOOP_ANALYSIS = YES;
				CLANG_WARN_STRICT_PROTOTYPES = YES;
				CLANG_WARN_SUSPICIOUS_MOVE = YES;
				CLANG_WARN_UNGUARDED_AVAILABILITY = YES_AGGRESSIVE;
				CLANG_WARN_UNREACHABLE_CODE = YES;
				CLANG_WARN__DUPLICATE_METHOD_MATCH = YES;
				COPY_PHASE_STRIP = NO;
				DEBUG_INFORMATION_FORMAT = dwarf;
				ENABLE_STRICT_OBJC_MSGSEND = YES;
				ENABLE_TESTABILITY = YES;
				GCC_C_LANGUAGE_STANDARD = gnu11;
				GCC_DYNAMIC_NO_PIC = NO;
				GCC_NO_COMMON_BLOCKS = YES;
				GCC_OPTIMIZATION_LEVEL = 0;
				GCC_PREPROCESSOR_DEFINITIONS = (
					"DEBUG=1",
					"$(inherited)",
				);
				GCC_WARN_64_TO_32_BIT_CONVERSION = YES;
				GCC_WARN_ABOUT_RETURN_TYPE = YES_ERROR;
				GCC_WARN_UNDECLARED_SELECTOR = YES;
				GCC_WARN_UNINITIALIZED_AUTOS = YES_AGGRESSIVE;
				GCC_WARN_UNUSED_FUNCTION = YES;
				GCC_WARN_UNUSED_VARIABLE = YES;
				IPHONEOS_DEPLOYMENT_TARGET = 16.4;
				MTL_ENABLE_DEBUG_INFO = INCLUDE_SOURCE;
				MTL_FAST_MATH = YES;
				ONLY_ACTIVE_ARCH = YES;
				SDKROOT = iphoneos;
				SWIFT_ACTIVE_COMPILATION_CONDITIONS = DEBUG;
				SWIFT_OPTIMIZATION_LEVEL = "-Onone";
			};
			name = Debug;
		};
		6D84C8082A15A436009DD75A /* Release */ = {
			isa = XCBuildConfiguration;
			buildSettings = {
				ALWAYS_SEARCH_USER_PATHS = NO;
				CLANG_ANALYZER_NONNULL = YES;
				CLANG_ANALYZER_NUMBER_OBJECT_CONVERSION = YES_AGGRESSIVE;
				CLANG_CXX_LANGUAGE_STANDARD = "gnu++20";
				CLANG_ENABLE_MODULES = YES;
				CLANG_ENABLE_OBJC_ARC = YES;
				CLANG_ENABLE_OBJC_WEAK = YES;
				CLANG_WARN_BLOCK_CAPTURE_AUTORELEASING = YES;
				CLANG_WARN_BOOL_CONVERSION = YES;
				CLANG_WARN_COMMA = YES;
				CLANG_WARN_CONSTANT_CONVERSION = YES;
				CLANG_WARN_DEPRECATED_OBJC_IMPLEMENTATIONS = YES;
				CLANG_WARN_DIRECT_OBJC_ISA_USAGE = YES_ERROR;
				CLANG_WARN_DOCUMENTATION_COMMENTS = YES;
				CLANG_WARN_EMPTY_BODY = YES;
				CLANG_WARN_ENUM_CONVERSION = YES;
				CLANG_WARN_INFINITE_RECURSION = YES;
				CLANG_WARN_INT_CONVERSION = YES;
				CLANG_WARN_NON_LITERAL_NULL_CONVERSION = YES;
				CLANG_WARN_OBJC_IMPLICIT_RETAIN_SELF = YES;
				CLANG_WARN_OBJC_LITERAL_CONVERSION = YES;
				CLANG_WARN_OBJC_ROOT_CLASS = YES_ERROR;
				CLANG_WARN_QUOTED_INCLUDE_IN_FRAMEWORK_HEADER = YES;
				CLANG_WARN_RANGE_LOOP_ANALYSIS = YES;
				CLANG_WARN_STRICT_PROTOTYPES = YES;
				CLANG_WARN_SUSPICIOUS_MOVE = YES;
				CLANG_WARN_UNGUARDED_AVAILABILITY = YES_AGGRESSIVE;
				CLANG_WARN_UNREACHABLE_CODE = YES;
				CLANG_WARN__DUPLICATE_METHOD_MATCH = YES;
				COPY_PHASE_STRIP = NO;
				DEBUG_INFORMATION_FORMAT = "dwarf-with-dsym";
				ENABLE_NS_ASSERTIONS = NO;
				ENABLE_STRICT_OBJC_MSGSEND = YES;
				GCC_C_LANGUAGE_STANDARD = gnu11;
				GCC_NO_COMMON_BLOCKS = YES;
				GCC_WARN_64_TO_32_BIT_CONVERSION = YES;
				GCC_WARN_ABOUT_RETURN_TYPE = YES_ERROR;
				GCC_WARN_UNDECLARED_SELECTOR = YES;
				GCC_WARN_UNINITIALIZED_AUTOS = YES_AGGRESSIVE;
				GCC_WARN_UNUSED_FUNCTION = YES;
				GCC_WARN_UNUSED_VARIABLE = YES;
				IPHONEOS_DEPLOYMENT_TARGET = 16.4;
				MTL_ENABLE_DEBUG_INFO = NO;
				MTL_FAST_MATH = YES;
				SDKROOT = iphoneos;
				SWIFT_COMPILATION_MODE = wholemodule;
				SWIFT_OPTIMIZATION_LEVEL = "-O";
				VALIDATE_PRODUCT = YES;
			};
			name = Release;
		};
		6D84C80A2A15A436009DD75A /* Debug */ = {
			isa = XCBuildConfiguration;
			buildSettings = {
				ASSETCATALOG_COMPILER_APPICON_NAME = AppIcon;
				ASSETCATALOG_COMPILER_GLOBAL_ACCENT_COLOR_NAME = AccentColor;
				CODE_SIGN_STYLE = Automatic;
				CURRENT_PROJECT_VERSION = 1;
				GENERATE_INFOPLIST_FILE = YES;
				INFOPLIST_FILE = AutoLayout/Info.plist;
				INFOPLIST_KEY_UIApplicationSupportsIndirectInputEvents = YES;
				INFOPLIST_KEY_UILaunchStoryboardName = LaunchScreen;
				INFOPLIST_KEY_UIMainStoryboardFile = Main;
				INFOPLIST_KEY_UISupportedInterfaceOrientations_iPad = "UIInterfaceOrientationPortrait UIInterfaceOrientationPortraitUpsideDown UIInterfaceOrientationLandscapeLeft UIInterfaceOrientationLandscapeRight";
				INFOPLIST_KEY_UISupportedInterfaceOrientations_iPhone = "UIInterfaceOrientationPortrait UIInterfaceOrientationLandscapeLeft UIInterfaceOrientationLandscapeRight";
				LD_RUNPATH_SEARCH_PATHS = (
					"$(inherited)",
					"@executable_path/Frameworks",
				);
				MARKETING_VERSION = 1.0;
				PRODUCT_BUNDLE_IDENTIFIER = kr.ac.cu.AutoLayout;
				PRODUCT_NAME = "$(TARGET_NAME)";
				SWIFT_EMIT_LOC_STRINGS = YES;
				SWIFT_VERSION = 5.0;
				TARGETED_DEVICE_FAMILY = "1,2";
			};
			name = Debug;
		};
		6D84C80B2A15A436009DD75A /* Release */ = {
			isa = XCBuildConfiguration;
			buildSettings = {
				ASSETCATALOG_COMPILER_APPICON_NAME = AppIcon;
				ASSETCATALOG_COMPILER_GLOBAL_ACCENT_COLOR_NAME = AccentColor;
				CODE_SIGN_STYLE = Automatic;
				CURRENT_PROJECT_VERSION = 1;
				GENERATE_INFOPLIST_FILE = YES;
				INFOPLIST_FILE = AutoLayout/Info.plist;
				INFOPLIST_KEY_UIApplicationSupportsIndirectInputEvents = YES;
				INFOPLIST_KEY_UILaunchStoryboardName = LaunchScreen;
				INFOPLIST_KEY_UIMainStoryboardFile = Main;
				INFOPLIST_KEY_UISupportedInterfaceOrientations_iPad = "UIInterfaceOrientationPortrait UIInterfaceOrientationPortraitUpsideDown UIInterfaceOrientationLandscapeLeft UIInterfaceOrientationLandscapeRight";
				INFOPLIST_KEY_UISupportedInterfaceOrientations_iPhone = "UIInterfaceOrientationPortrait UIInterfaceOrientationLandscapeLeft UIInterfaceOrientationLandscapeRight";
				LD_RUNPATH_SEARCH_PATHS = (
					"$(inherited)",
					"@executable_path/Frameworks",
				);
				MARKETING_VERSION = 1.0;
				PRODUCT_BUNDLE_IDENTIFIER = kr.ac.cu.AutoLayout;
				PRODUCT_NAME = "$(TARGET_NAME)";
				SWIFT_EMIT_LOC_STRINGS = YES;
				SWIFT_VERSION = 5.0;
				TARGETED_DEVICE_FAMILY = "1,2";
			};
			name = Release;
		};
		6D84C80D2A15A436009DD75A /* Debug */ = {
			isa = XCBuildConfiguration;
			buildSettings = {
				ALWAYS_EMBED_SWIFT_STANDARD_LIBRARIES = YES;
				BUNDLE_LOADER = "$(TEST_HOST)";
				CODE_SIGN_STYLE = Automatic;
				CURRENT_PROJECT_VERSION = 1;
				GENERATE_INFOPLIST_FILE = YES;
				IPHONEOS_DEPLOYMENT_TARGET = 16.4;
				MARKETING_VERSION = 1.0;
				PRODUCT_BUNDLE_IDENTIFIER = kr.ac.cu.AutoLayoutTests;
				PRODUCT_NAME = "$(TARGET_NAME)";
				SWIFT_EMIT_LOC_STRINGS = NO;
				SWIFT_VERSION = 5.0;
				TARGETED_DEVICE_FAMILY = "1,2";
				TEST_HOST = "$(BUILT_PRODUCTS_DIR)/AutoLayout.app/$(BUNDLE_EXECUTABLE_FOLDER_PATH)/AutoLayout";
			};
			name = Debug;
		};
		6D84C80E2A15A436009DD75A /* Release */ = {
			isa = XCBuildConfiguration;
			buildSettings = {
				ALWAYS_EMBED_SWIFT_STANDARD_LIBRARIES = YES;
				BUNDLE_LOADER = "$(TEST_HOST)";
				CODE_SIGN_STYLE = Automatic;
				CURRENT_PROJECT_VERSION = 1;
				GENERATE_INFOPLIST_FILE = YES;
				IPHONEOS_DEPLOYMENT_TARGET = 16.4;
				MARKETING_VERSION = 1.0;
				PRODUCT_BUNDLE_IDENTIFIER = kr.ac.cu.AutoLayoutTests;
				PRODUCT_NAME = "$(TARGET_NAME)";
				SWIFT_EMIT_LOC_STRINGS = NO;
				SWIFT_VERSION = 5.0;
				TARGETED_DEVICE_FAMILY = "1,2";
				TEST_HOST = "$(BUILT_PRODUCTS_DIR)/AutoLayout.app/$(BUNDLE_EXECUTABLE_FOLDER_PATH)/AutoLayout";
			};
			name = Release;
		};
		6D84C8102A15A436009DD75A /* Debug */ = {
			isa = XCBuildConfiguration;
			buildSettings = {
				ALWAYS_EMBED_SWIFT_STANDARD_LIBRARIES = YES;
				CODE_SIGN_STYLE = Automatic;
				CURRENT_PROJECT_VERSION = 1;
				GENERATE_INFOPLIST_FILE = YES;
				MARKETING_VERSION = 1.0;
				PRODUCT_BUNDLE_IDENTIFIER = kr.ac.cu.AutoLayoutUITests;
				PRODUCT_NAME = "$(TARGET_NAME)";
				SWIFT_EMIT_LOC_STRINGS = NO;
				SWIFT_VERSION = 5.0;
				TARGETED_DEVICE_FAMILY = "1,2";
				TEST_TARGET_NAME = AutoLayout;
			};
			name = Debug;
		};
		6D84C8112A15A436009DD75A /* Release */ = {
			isa = XCBuildConfiguration;
			buildSettings = {
				ALWAYS_EMBED_SWIFT_STANDARD_LIBRARIES = YES;
				CODE_SIGN_STYLE = Automatic;
				CURRENT_PROJECT_VERSION = 1;
				GENERATE_INFOPLIST_FILE = YES;
				MARKETING_VERSION = 1.0;
				PRODUCT_BUNDLE_IDENTIFIER = kr.ac.cu.AutoLayoutUITests;
				PRODUCT_NAME = "$(TARGET_NAME)";
				SWIFT_EMIT_LOC_STRINGS = NO;
				SWIFT_VERSION = 5.0;
				TARGETED_DEVICE_FAMILY = "1,2";
				TEST_TARGET_NAME = AutoLayout;
			};
			name = Release;
		};
/* End XCBuildConfiguration section */

/* Begin XCConfigurationList section */
		6D84C7D72A15A434009DD75A /* Build configuration list for PBXProject "AutoLayout" */ = {
			isa = XCConfigurationList;
			buildConfigurations = (
				6D84C8072A15A436009DD75A /* Debug */,
				6D84C8082A15A436009DD75A /* Release */,
			);
			defaultConfigurationIsVisible = 0;
			defaultConfigurationName = Release;
		};
		6D84C8092A15A436009DD75A /* Build configuration list for PBXNativeTarget "AutoLayout" */ = {
			isa = XCConfigurationList;
			buildConfigurations = (
				6D84C80A2A15A436009DD75A /* Debug */,
				6D84C80B2A15A436009DD75A /* Release */,
			);
			defaultConfigurationIsVisible = 0;
			defaultConfigurationName = Release;
		};
		6D84C80C2A15A436009DD75A /* Build configuration list for PBXNativeTarget "AutoLayoutTests" */ = {
			isa = XCConfigurationList;
			buildConfigurations = (
				6D84C80D2A15A436009DD75A /* Debug */,
				6D84C80E2A15A436009DD75A /* Release */,
			);
			defaultConfigurationIsVisible = 0;
			defaultConfigurationName = Release;
		};
		6D84C80F2A15A436009DD75A /* Build configuration list for PBXNativeTarget "AutoLayoutUITests" */ = {
			isa = XCConfigurationList;
			buildConfigurations = (
				6D84C8102A15A436009DD75A /* Debug */,
				6D84C8112A15A436009DD75A /* Release */,
			);
			defaultConfigurationIsVisible = 0;
			defaultConfigurationName = Release;
		};
/* End XCConfigurationList section */

/* Begin XCVersionGroup section */
		6D84C7E82A15A434009DD75A /* AutoLayout.xcdatamodeld */ = {
			isa = XCVersionGroup;
			children = (
				6D84C7E92A15A434009DD75A /* AutoLayout.xcdatamodel */,
			);
			currentVersion = 6D84C7E92A15A434009DD75A /* AutoLayout.xcdatamodel */;
			path = AutoLayout.xcdatamodeld;
			sourceTree = "<group>";
			versionGroupType = wrapper.xcdatamodel;
		};
/* End XCVersionGroup section */
	};
	rootObject = 6D84C7D42A15A434009DD75A /* Project object */;
}
